
Microsoft Visual Studio Solution File, Format Version 12.00
# Visual Studio Version 16
VisualStudioVersion = 16.0.30804.86
MinimumVisualStudioVersion = 10.0.40219.1
Project("{FAE04EC0-301F-11D3-BF4B-00C04F79EFBC}") = "Library Practice", "Library Practice\Library Practice.csproj", "{AB71BF29-7509-46F1-B101-9CB92CA13789}"
EndProject
Global
	GlobalSection(SolutionConfigurationPlatforms) = preSolution
		Debug|Any CPU = Debug|Any CPU
		Release|Any CPU = Release|Any CPU
	EndGlobalSection
	GlobalSection(ProjectConfigurationPlatforms) = postSolution
		{AB71BF29-7509-46F1-B101-9CB92CA13789}.Debug|Any CPU.ActiveCfg = Debug|Any CPU
		{AB71BF29-7509-46F1-B101-9CB92CA13789}.Debug|Any CPU.Build.0 = Debug|Any CPU
		{AB71BF29-7509-46F1-B101-9CB92CA13789}.Release|Any CPU.ActiveCfg = Release|Any CPU
		{AB71BF29-7509-46F1-B101-9CB92CA13789}.Release|Any CPU.Build.0 = Release|Any CPU
	EndGlobalSection
	GlobalSection(SolutionProperties) = preSolution
		HideSolutionNode = FALSE
	EndGlobalSection
	GlobalSection(ExtensibilityGlobals) = postSolution
		SolutionGuid = {6EA1D403-9CFA-4796-A477-3C09B262289B}
	EndGlobalSection
EndGlobal
